
Microsoft Visual Studio Solution File, Format Version 12.00
# Visual Studio Version 17
VisualStudioVersion = 17.10.35013.160
MinimumVisualStudioVersion = 10.0.40219.1
Project("{9A19103F-16F7-4668-BE54-9A1E7A4F7556}") = "AccessControl.Domain", "Domain\AccessControl.Domain.csproj", "{4C60EAB1-1D4C-4723-8671-2E089BDB69DE}"
EndProject
Project("{9A19103F-16F7-4668-BE54-9A1E7A4F7556}") = "AccessControl.DataAccess", "DataAccess\AccessControl.DataAccess.csproj", "{F8C14ECA-EE1B-4E1B-8143-093D6F79F71C}"
EndProject
Project("{9A19103F-16F7-4668-BE54-9A1E7A4F7556}") = "AccessControl.ConsoleApp", "ConsoleApp\AccessControl.ConsoleApp.csproj", "{DA1BCD18-DE9E-40AA-A9D2-79D688074E81}"
EndProject
Project("{9A19103F-16F7-4668-BE54-9A1E7A4F7556}") = "AccessControl.Contracts", "Contracts\AccessControl.Contracts.csproj", "{6FA3D19D-1AD6-4561-9D89-771C31EA4057}"
EndProject
Project("{9A19103F-16F7-4668-BE54-9A1E7A4F7556}") = "AccessControl.DataAccess.Test", "DataAccess.Test\AccessControl.DataAccess.Test.csproj", "{3428941C-896D-4F57-91FD-2DCEE9C97815}"
EndProject
Project("{9A19103F-16F7-4668-BE54-9A1E7A4F7556}") = "AccessControl.GrpcProtos", "GrpcProtos\AccessControl.GrpcProtos.csproj", "{C0926CCC-F7BE-4F12-B5A6-BF445EBCC788}"
EndProject
Project("{9A19103F-16F7-4668-BE54-9A1E7A4F7556}") = "AccessControl.Services", "Services\AccessControl.Services.csproj", "{1DF51E42-1751-43F8-8F64-8397DA4B0B9B}"
EndProject
Project("{FAE04EC0-301F-11D3-BF4B-00C04F79EFBC}") = "AccessControl.Application", "Application\AccessControl.Application.csproj", "{C09F3B51-B513-4252-878D-A7B752192C9F}"
EndProject
Global
	GlobalSection(SolutionConfigurationPlatforms) = preSolution
		Debug|Any CPU = Debug|Any CPU
		Release|Any CPU = Release|Any CPU
	EndGlobalSection
	GlobalSection(ProjectConfigurationPlatforms) = postSolution
		{4C60EAB1-1D4C-4723-8671-2E089BDB69DE}.Debug|Any CPU.ActiveCfg = Debug|Any CPU
		{4C60EAB1-1D4C-4723-8671-2E089BDB69DE}.Debug|Any CPU.Build.0 = Debug|Any CPU
		{4C60EAB1-1D4C-4723-8671-2E089BDB69DE}.Release|Any CPU.ActiveCfg = Release|Any CPU
		{4C60EAB1-1D4C-4723-8671-2E089BDB69DE}.Release|Any CPU.Build.0 = Release|Any CPU
		{F8C14ECA-EE1B-4E1B-8143-093D6F79F71C}.Debug|Any CPU.ActiveCfg = Debug|Any CPU
		{F8C14ECA-EE1B-4E1B-8143-093D6F79F71C}.Debug|Any CPU.Build.0 = Debug|Any CPU
		{F8C14ECA-EE1B-4E1B-8143-093D6F79F71C}.Release|Any CPU.ActiveCfg = Release|Any CPU
		{F8C14ECA-EE1B-4E1B-8143-093D6F79F71C}.Release|Any CPU.Build.0 = Release|Any CPU
		{DA1BCD18-DE9E-40AA-A9D2-79D688074E81}.Debug|Any CPU.ActiveCfg = Debug|Any CPU
		{DA1BCD18-DE9E-40AA-A9D2-79D688074E81}.Debug|Any CPU.Build.0 = Debug|Any CPU
		{DA1BCD18-DE9E-40AA-A9D2-79D688074E81}.Release|Any CPU.ActiveCfg = Release|Any CPU
		{DA1BCD18-DE9E-40AA-A9D2-79D688074E81}.Release|Any CPU.Build.0 = Release|Any CPU
		{6FA3D19D-1AD6-4561-9D89-771C31EA4057}.Debug|Any CPU.ActiveCfg = Debug|Any CPU
		{6FA3D19D-1AD6-4561-9D89-771C31EA4057}.Debug|Any CPU.Build.0 = Debug|Any CPU
		{6FA3D19D-1AD6-4561-9D89-771C31EA4057}.Release|Any CPU.ActiveCfg = Release|Any CPU
		{6FA3D19D-1AD6-4561-9D89-771C31EA4057}.Release|Any CPU.Build.0 = Release|Any CPU
		{3428941C-896D-4F57-91FD-2DCEE9C97815}.Debug|Any CPU.ActiveCfg = Debug|Any CPU
		{3428941C-896D-4F57-91FD-2DCEE9C97815}.Debug|Any CPU.Build.0 = Debug|Any CPU
		{3428941C-896D-4F57-91FD-2DCEE9C97815}.Release|Any CPU.ActiveCfg = Release|Any CPU
		{3428941C-896D-4F57-91FD-2DCEE9C97815}.Release|Any CPU.Build.0 = Release|Any CPU
		{C0926CCC-F7BE-4F12-B5A6-BF445EBCC788}.Debug|Any CPU.ActiveCfg = Debug|Any CPU
		{C0926CCC-F7BE-4F12-B5A6-BF445EBCC788}.Debug|Any CPU.Build.0 = Debug|Any CPU
		{C0926CCC-F7BE-4F12-B5A6-BF445EBCC788}.Release|Any CPU.ActiveCfg = Release|Any CPU
		{C0926CCC-F7BE-4F12-B5A6-BF445EBCC788}.Release|Any CPU.Build.0 = Release|Any CPU
		{1DF51E42-1751-43F8-8F64-8397DA4B0B9B}.Debug|Any CPU.ActiveCfg = Debug|Any CPU
		{1DF51E42-1751-43F8-8F64-8397DA4B0B9B}.Debug|Any CPU.Build.0 = Debug|Any CPU
		{1DF51E42-1751-43F8-8F64-8397DA4B0B9B}.Release|Any CPU.ActiveCfg = Release|Any CPU
		{1DF51E42-1751-43F8-8F64-8397DA4B0B9B}.Release|Any CPU.Build.0 = Release|Any CPU
		{C09F3B51-B513-4252-878D-A7B752192C9F}.Debug|Any CPU.ActiveCfg = Debug|Any CPU
		{C09F3B51-B513-4252-878D-A7B752192C9F}.Debug|Any CPU.Build.0 = Debug|Any CPU
		{C09F3B51-B513-4252-878D-A7B752192C9F}.Release|Any CPU.ActiveCfg = Release|Any CPU
		{C09F3B51-B513-4252-878D-A7B752192C9F}.Release|Any CPU.Build.0 = Release|Any CPU
	EndGlobalSection
	GlobalSection(SolutionProperties) = preSolution
		HideSolutionNode = FALSE
	EndGlobalSection
	GlobalSection(ExtensibilityGlobals) = postSolution
		SolutionGuid = {0767935A-694B-4A58-819C-20CA4E3E0991}
	EndGlobalSection
EndGlobal
